
Microsoft Visual Studio Solution File, Format Version 12.00
# Visual Studio Version 16
VisualStudioVersion = 16.0.31424.327
MinimumVisualStudioVersion = 10.0.40219.1
Project("{9092AA53-FB77-4645-B42D-1CCCA6BD08BD}") = "KeenerProject", "KeenerProject\KeenerProject.njsproj", "{A2FB6274-6154-4A9A-83B4-54D432B97E67}"
EndProject
Global
	GlobalSection(SolutionConfigurationPlatforms) = preSolution
		Debug|Any CPU = Debug|Any CPU
		Release|Any CPU = Release|Any CPU
	EndGlobalSection
	GlobalSection(ProjectConfigurationPlatforms) = postSolution
		{A2FB6274-6154-4A9A-83B4-54D432B97E67}.Debug|Any CPU.ActiveCfg = Debug|Any CPU
		{A2FB6274-6154-4A9A-83B4-54D432B97E67}.Debug|Any CPU.Build.0 = Debug|Any CPU
		{A2FB6274-6154-4A9A-83B4-54D432B97E67}.Release|Any CPU.ActiveCfg = Release|Any CPU
		{A2FB6274-6154-4A9A-83B4-54D432B97E67}.Release|Any CPU.Build.0 = Release|Any CPU
	EndGlobalSection
	GlobalSection(SolutionProperties) = preSolution
		HideSolutionNode = FALSE
	EndGlobalSection
	GlobalSection(ExtensibilityGlobals) = postSolution
		SolutionGuid = {3AFC1250-2952-486E-8B17-FFE9F32110B7}
	EndGlobalSection
EndGlobal
